{
  "name": "rn-sls-template",
  "version": "1.0.0",
  "lockfileVersion": 1,
  "requires": true,
  "dependencies": {
    "logger": {
      "version": "github:relaynetwork/rn-sls-lib-logger#4b6bec9a40e59976e6fc003aa817a66f81119f03",
      "from": "github:relaynetwork/rn-sls-lib-logger#v1.0.2"
    }
  }
}
